dependencies:
- name: openbao
  repository: https://openbao.github.io/openbao-helm
  version: 0.29.3
- name: vault
  repository: https://helm.releases.hashicorp.com
  version: 0.34.1
- name: vault-secrets-operator
  repository: https://helm.releases.hashicorp.com
  version: 1.5.1
digest: sha256:cc580dd4dad71c266f18a0ea3b6c2adde9bda563db12db8a37b1913fd145563e
generated: "2026-09-01T19:17:11.373656+09:00"
